
Microsoft Visual Studio Solution File, Format Version 12.00
# Visual Studio Version 16
VisualStudioVersion = 16.0.29209.62
MinimumVisualStudioVersion = 10.0.40219.1
Project("{FAE04EC0-301F-11D3-BF4B-00C04F79EFBC}") = "Roblox Username Lookup", "Roblox Username Lookup.csproj", "{63149501-981F-4305-BB61-1F21C001B828}"
EndProject
Global
	GlobalSection(SolutionConfigurationPlatforms) = preSolution
		Debug|Any CPU = Debug|Any CPU
		Release|Any CPU = Release|Any CPU
	EndGlobalSection
	GlobalSection(ProjectConfigurationPlatforms) = postSolution
		{63149501-981F-4305-BB61-1F21C001B828}.Debug|Any CPU.ActiveCfg = Debug|Any CPU
		{63149501-981F-4305-BB61-1F21C001B828}.Debug|Any CPU.Build.0 = Debug|Any CPU
		{63149501-981F-4305-BB61-1F21C001B828}.Release|Any CPU.ActiveCfg = Release|Any CPU
		{63149501-981F-4305-BB61-1F21C001B828}.Release|Any CPU.Build.0 = Release|Any CPU
	EndGlobalSection
	GlobalSection(SolutionProperties) = preSolution
		HideSolutionNode = FALSE
	EndGlobalSection
	GlobalSection(ExtensibilityGlobals) = postSolution
		SolutionGuid = {2456B288-27EA-407E-A54B-D2D5AF676F08}
	EndGlobalSection
EndGlobal
